lockfileVersion: '9.0'

settings:
  autoInstallPeers: true
  excludeLinksFromLockfile: false

importers:

  .:
    dependencies:
      '@ston-fi/omniston-sdk':
        specifier: 0.8.3
        version: 0.8.3

packages:

  '@ston-fi/omniston-sdk@0.8.3':
    resolution: {integrity: sha512-pEkNk9/ctghbSsFKh+6UW5mfyGw1GpZvIlQNgjz7obI9G9G3/rXIkAuMaEmu/hw0tnfDM+k6B+9dbQM2tCMzNA==}

  isomorphic-ws@5.0.0:
    resolution: {integrity: sha512-muId7Zzn9ywDsyXgTIafTry2sV3nySZeUDe6YedVd1Hvuuep5AsIlqK+XefWpYTyJG5e503F2xIuT2lcU6rCSw==}
    peerDependencies:
      ws: '*'

  json-rpc-2.0@1.7.1:
    resolution: {integrity: sha512-JqZjhjAanbpkXIzFE7u8mE/iFblawwlXtONaCvRqI+pyABVz7B4M1EUNpyVW+dZjqgQ2L5HFmZCmOCgUKm00hg==}

  rxjs@7.8.2:
    resolution: {integrity: sha512-dhKf903U/PQZY6boNNtAGdWbG85WAbjT/1xYoZIC7FAY0yWapOBQVsVrDl58W86//e1VpMNBtRV4MaXfdMySFA==}

  tslib@2.8.1:
    resolution: {integrity: sha512-oJFu94HQb+KVduSUQL7wnpmqnfmLsOA/nAh6b6EH0wCEoK0/mPeXU6c3wKDV83MkOuHPRHtSXKKU99IBazS/2w==}

  ws@8.20.0:
    resolution: {integrity: sha512-sAt8BhgNbzCtgGbt2OxmpuryO63ZoDk/sqaB/znQm94T4fCEsy/yV+7CdC1kJhOU9lboAEU7R3kquuycDoibVA==}
    engines: {node: '>=10.0.0'}
    peerDependencies:
      bufferutil: ^4.0.1
      utf-8-validate: '>=5.0.2'
    peerDependenciesMeta:
      bufferutil:
        optional: true
      utf-8-validate:
        optional: true

snapshots:

  '@ston-fi/omniston-sdk@0.8.3':
    dependencies:
      isomorphic-ws: 5.0.0(ws@8.20.0)
      json-rpc-2.0: 1.7.1
      rxjs: 7.8.2
      ws: 8.20.0
    transitivePeerDependencies:
      - bufferutil
      - utf-8-validate

  isomorphic-ws@5.0.0(ws@8.20.0):
    dependencies:
      ws: 8.20.0

  json-rpc-2.0@1.7.1: {}

  rxjs@7.8.2:
    dependencies:
      tslib: 2.8.1

  tslib@2.8.1: {}

  ws@8.20.0: {}
